// !$*UTF8*$!
{
	archiveVersion = 1;
	classes = {
	};
	objectVersion = 50;
	objects = {

/* Begin PBXBuildFile section */
		182595B4263005D2007BB844 /* AppDelegate.swift in Sources */ = {isa = PBXBuildFile; fileRef = 182595B3263005D2007BB844 /* AppDelegate.swift */; };
		182595B6263005D2007BB844 /* SceneDelegate.swift in Sources */ = {isa = PBXBuildFile; fileRef = 182595B5263005D2007BB844 /* SceneDelegate.swift */; };
		182595BB263005D2007BB844 /* Main.storyboard in Resources */ = {isa = PBXBuildFile; fileRef = 182595B9263005D2007BB844 /* Main.storyboard */; };
		182595BD263005D6007BB844 /* Assets.xcassets in Resources */ = {isa = PBXBuildFile; fileRef = 182595BC263005D6007BB844 /* Assets.xcassets */; };
		182595C0263005D6007BB844 /* LaunchScreen.storyboard in Resources */ = {isa = PBXBuildFile; fileRef = 182595BE263005D6007BB844 /* LaunchScreen.storyboard */; };
		1872A15F263151AD00910A6C /* CategoryCollectionCell.swift in Sources */ = {isa = PBXBuildFile; fileRef = 1872A15E263151AD00910A6C /* CategoryCollectionCell.swift */; };
		1872A1642631523400910A6C /* ProductCollectionCell.swift in Sources */ = {isa = PBXBuildFile; fileRef = 1872A1632631523400910A6C /* ProductCollectionCell.swift */; };
		1872A175263159CB00910A6C /* ProductCell.swift in Sources */ = {isa = PBXBuildFile; fileRef = 1872A174263159CB00910A6C /* ProductCell.swift */; };
		1872A179263159E100910A6C /* CategoryCell.swift in Sources */ = {isa = PBXBuildFile; fileRef = 1872A178263159E100910A6C /* CategoryCell.swift */; };
		1872A17C26315ACB00910A6C /* Product.swift in Sources */ = {isa = PBXBuildFile; fileRef = 1872A17B26315ACB00910A6C /* Product.swift */; };
		1872A18126315BFA00910A6C /* DataManager.swift in Sources */ = {isa = PBXBuildFile; fileRef = 1872A18026315BFA00910A6C /* DataManager.swift */; };
		1872A18826315D2300910A6C /* Category.swift in Sources */ = {isa = PBXBuildFile; fileRef = 1872A18726315D2300910A6C /* Category.swift */; };
		1872A18F2631C24300910A6C /* MainScreen.swift in Sources */ = {isa = PBXBuildFile; fileRef = 1872A18E2631C24300910A6C /* MainScreen.swift */; };
		18D9E95926381B3700EB3F9C /* CustomNavigationBar.swift in Sources */ = {isa = PBXBuildFile; fileRef = 18D9E95826381B3700EB3F9C /* CustomNavigationBar.swift */; };
		18D9E95D26381B5000EB3F9C /* CustomNavigationBar.xib in Resources */ = {isa = PBXBuildFile; fileRef = 18D9E95C26381B5000EB3F9C /* CustomNavigationBar.xib */; };
/* End PBXBuildFile section */

/* Begin PBXFileReference section */
		182595B0263005D2007BB844 /* leroymerlin.app */ = {isa = PBXFileReference; explicitFileType = wrapper.application; includeInIndex = 0; path = leroymerlin.app; sourceTree = BUILT_PRODUCTS_DIR; };
		182595B3263005D2007BB844 /* AppDelegate.swift */ = {isa = PBXFileReference; lastKnownFileType = sourcecode.swift; path = AppDelegate.swift; sourceTree = "<group>"; };
		182595B5263005D2007BB844 /* SceneDelegate.swift */ = {isa = PBXFileReference; lastKnownFileType = sourcecode.swift; path = SceneDelegate.swift; sourceTree = "<group>"; };
		182595BA263005D2007BB844 /* Base */ = {isa = PBXFileReference; lastKnownFileType = file.storyboard; name = Base; path = Base.lproj/Main.storyboard; sourceTree = "<group>"; };
		182595BC263005D6007BB844 /* Assets.xcassets */ = {isa = PBXFileReference; lastKnownFileType = folder.assetcatalog; path = Assets.xcassets; sourceTree = "<group>"; };
		182595BF263005D6007BB844 /* Base */ = {isa = PBXFileReference; lastKnownFileType = file.storyboard; name = Base; path = Base.lproj/LaunchScreen.storyboard; sourceTree = "<group>"; };
		182595C1263005D6007BB844 /* Info.plist */ = {isa = PBXFileReference; lastKnownFileType = text.plist.xml; path = Info.plist; sourceTree = "<group>"; };
		1872A15E263151AD00910A6C /* CategoryCollectionCell.swift */ = {isa = PBXFileReference; lastKnownFileType = sourcecode.swift; path = CategoryCollectionCell.swift; sourceTree = "<group>"; };
		1872A1632631523400910A6C /* ProductCollectionCell.swift */ = {isa = PBXFileReference; lastKnownFileType = sourcecode.swift; path = ProductCollectionCell.swift; sourceTree = "<group>"; };
		1872A174263159CB00910A6C /* ProductCell.swift */ = {isa = PBXFileReference; lastKnownFileType = sourcecode.swift; path = ProductCell.swift; sourceTree = "<group>"; };
		1872A178263159E100910A6C /* CategoryCell.swift */ = {isa = PBXFileReference; lastKnownFileType = sourcecode.swift; path = CategoryCell.swift; sourceTree = "<group>"; };
		1872A17B26315ACB00910A6C /* Product.swift */ = {isa = PBXFileReference; lastKnownFileType = sourcecode.swift; path = Product.swift; sourceTree = "<group>"; };
		1872A18026315BFA00910A6C /* DataManager.swift */ = {isa = PBXFileReference; lastKnownFileType = sourcecode.swift; path = DataManager.swift; sourceTree = "<group>"; };
		1872A18726315D2300910A6C /* Category.swift */ = {isa = PBXFileReference; lastKnownFileType = sourcecode.swift; path = Category.swift; sourceTree = "<group>"; };
		1872A18E2631C24300910A6C /* MainScreen.swift */ = {isa = PBXFileReference; lastKnownFileType = sourcecode.swift; path = MainScreen.swift; sourceTree = "<group>"; };
		18D9E95826381B3700EB3F9C /* CustomNavigationBar.swift */ = {isa = PBXFileReference; lastKnownFileType = sourcecode.swift; path = CustomNavigationBar.swift; sourceTree = "<group>"; };
		18D9E95C26381B5000EB3F9C /* CustomNavigationBar.xib */ = {isa = PBXFileReference; lastKnownFileType = file.xib; path = CustomNavigationBar.xib; sourceTree = "<group>"; };
/* End PBXFileReference section */

/* Begin PBXFrameworksBuildPhase section */
		182595AD263005D2007BB844 /* Frameworks */ = {
			isa = PBXFrameworksBuildPhase;
			buildActionMask = 2147483647;
			files = (
			);
			runOnlyForDeploymentPostprocessing = 0;
		};
/* End PBXFrameworksBuildPhase section */

/* Begin PBXGroup section */
		182595A7263005D2007BB844 = {
			isa = PBXGroup;
			children = (
				182595B2263005D2007BB844 /* leroymerlin */,
				182595B1263005D2007BB844 /* Products */,
			);
			sourceTree = "<group>";
		};
		182595B1263005D2007BB844 /* Products */ = {
			isa = PBXGroup;
			children = (
				182595B0263005D2007BB844 /* leroymerlin.app */,
			);
			name = Products;
			sourceTree = "<group>";
		};
		182595B2263005D2007BB844 /* leroymerlin */ = {
			isa = PBXGroup;
			children = (
				1872A18526315C0100910A6C /* Managers */,
				1872A17F26315AE100910A6C /* Model */,
				182595CC263006E3007BB844 /* ViewControllers */,
				182595CE26300716007BB844 /* Storyboards */,
				188D9D7026382EB400CA11AC /* CustomNavigationBar */,
				182595CA263006AE007BB844 /* Supporting Files */,
				182595C926300695007BB844 /* Resources */,
			);
			path = leroymerlin;
			sourceTree = "<group>";
		};
		182595C926300695007BB844 /* Resources */ = {
			isa = PBXGroup;
			children = (
				182595BC263005D6007BB844 /* Assets.xcassets */,
			);
			name = Resources;
			sourceTree = "<group>";
		};
		182595CA263006AE007BB844 /* Supporting Files */ = {
			isa = PBXGroup;
			children = (
				182595B3263005D2007BB844 /* AppDelegate.swift */,
				182595B5263005D2007BB844 /* SceneDelegate.swift */,
				182595C1263005D6007BB844 /* Info.plist */,
			);
			path = "Supporting Files";
			sourceTree = "<group>";
		};
		182595CC263006E3007BB844 /* ViewControllers */ = {
			isa = PBXGroup;
			children = (
				1872A15726306EB300910A6C /* Main Screen */,
			);
			path = ViewControllers;
			sourceTree = "<group>";
		};
		182595CE26300716007BB844 /* Storyboards */ = {
			isa = PBXGroup;
			children = (
				182595B9263005D2007BB844 /* Main.storyboard */,
				182595BE263005D6007BB844 /* LaunchScreen.storyboard */,
			);
			path = Storyboards;
			sourceTree = "<group>";
		};
		1872A14F26306E2500910A6C /* Table Cell */ = {
			isa = PBXGroup;
			children = (
				1872A178263159E100910A6C /* CategoryCell.swift */,
				1872A174263159CB00910A6C /* ProductCell.swift */,
			);
			path = "Table Cell";
			sourceTree = "<group>";
		};
		1872A15426306E5800910A6C /* Collection Cell */ = {
			isa = PBXGroup;
			children = (
				1872A15E263151AD00910A6C /* CategoryCollectionCell.swift */,
				1872A1632631523400910A6C /* ProductCollectionCell.swift */,
			);
			path = "Collection Cell";
			sourceTree = "<group>";
		};
		1872A15726306EB300910A6C /* Main Screen */ = {
			isa = PBXGroup;
			children = (
				1872A18E2631C24300910A6C /* MainScreen.swift */,
				1872A14F26306E2500910A6C /* Table Cell */,
				1872A15426306E5800910A6C /* Collection Cell */,
			);
			path = "Main Screen";
			sourceTree = "<group>";
		};
		1872A17F26315AE100910A6C /* Model */ = {
			isa = PBXGroup;
			children = (
				1872A17B26315ACB00910A6C /* Product.swift */,
				1872A18726315D2300910A6C /* Category.swift */,
			);
			path = Model;
			sourceTree = "<group>";
		};
		1872A18526315C0100910A6C /* Managers */ = {
			isa = PBXGroup;
			children = (
				1872A18026315BFA00910A6C /* DataManager.swift */,
			);
			path = Managers;
			sourceTree = "<group>";
		};
		188D9D7026382EB400CA11AC /* CustomNavigationBar */ = {
			isa = PBXGroup;
			children = (
				18D9E95826381B3700EB3F9C /* CustomNavigationBar.swift */,
				18D9E95C26381B5000EB3F9C /* CustomNavigationBar.xib */,
			);
			path = CustomNavigationBar;
			sourceTree = "<group>";
		};
/* End PBXGroup section */

/* Begin PBXNativeTarget section */
		182595AF263005D2007BB844 /* leroymerlin */ = {
			isa = PBXNativeTarget;
			buildConfigurationList = 182595C4263005D6007BB844 /* Build configuration list for PBXNativeTarget "leroymerlin" */;
			buildPhases = (
				182595AC263005D2007BB844 /* Sources */,
				182595AD263005D2007BB844 /* Frameworks */,
				182595AE263005D2007BB844 /* Resources */,
			);
			buildRules = (
			);
			dependencies = (
			);
			name = leroymerlin;
			productName = leroymerlin;
			productReference = 182595B0263005D2007BB844 /* leroymerlin.app */;
			productType = "com.apple.product-type.application";
		};
/* End PBXNativeTarget section */

/* Begin PBXProject section */
		182595A8263005D2007BB844 /* Project object */ = {
			isa = PBXProject;
			attributes = {
				LastSwiftUpdateCheck = 1240;
				LastUpgradeCheck = 1240;
				TargetAttributes = {
					182595AF263005D2007BB844 = {
						CreatedOnToolsVersion = 12.4;
					};
				};
			};
			buildConfigurationList = 182595AB263005D2007BB844 /* Build configuration list for PBXProject "leroymerlin" */;
			compatibilityVersion = "Xcode 9.3";
			developmentRegion = en;
			hasScannedForEncodings = 0;
			knownRegions = (
				en,
				Base,
			);
			mainGroup = 182595A7263005D2007BB844;
			productRefGroup = 182595B1263005D2007BB844 /* Products */;
			projectDirPath = "";
			projectRoot = "";
			targets = (
				182595AF263005D2007BB844 /* leroymerlin */,
			);
		};
/* End PBXProject section */

/* Begin PBXResourcesBuildPhase section */
		182595AE263005D2007BB844 /* Resources */ = {
			isa = PBXResourcesBuildPhase;
			buildActionMask = 2147483647;
			files = (
				18D9E95D26381B5000EB3F9C /* CustomNavigationBar.xib in Resources */,
				182595C0263005D6007BB844 /* LaunchScreen.storyboard in Resources */,
				182595BD263005D6007BB844 /* Assets.xcassets in Resources */,
				182595BB263005D2007BB844 /* Main.storyboard in Resources */,
			);
			runOnlyForDeploymentPostprocessing = 0;
		};
/* End PBXResourcesBuildPhase section */

/* Begin PBXSourcesBuildPhase section */
		182595AC263005D2007BB844 /* Sources */ = {
			isa = PBXSourcesBuildPhase;
			buildActionMask = 2147483647;
			files = (
				18D9E95926381B3700EB3F9C /* CustomNavigationBar.swift in Sources */,
				1872A15F263151AD00910A6C /* CategoryCollectionCell.swift in Sources */,
				182595B4263005D2007BB844 /* AppDelegate.swift in Sources */,
				1872A18F2631C24300910A6C /* MainScreen.swift in Sources */,
				1872A17C26315ACB00910A6C /* Product.swift in Sources */,
				1872A179263159E100910A6C /* CategoryCell.swift in Sources */,
				1872A1642631523400910A6C /* ProductCollectionCell.swift in Sources */,
				1872A18126315BFA00910A6C /* DataManager.swift in Sources */,
				1872A175263159CB00910A6C /* ProductCell.swift in Sources */,
				182595B6263005D2007BB844 /* SceneDelegate.swift in Sources */,
				1872A18826315D2300910A6C /* Category.swift in Sources */,
			);
			runOnlyForDeploymentPostprocessing = 0;
		};
/* End PBXSourcesBuildPhase section */

/* Begin PBXVariantGroup section */
		182595B9263005D2007BB844 /* Main.storyboard */ = {
			isa = PBXVariantGroup;
			children = (
				182595BA263005D2007BB844 /* Base */,
			);
			name = Main.storyboard;
			sourceTree = "<group>";
		};
		182595BE263005D6007BB844 /* LaunchScreen.storyboard */ = {
			isa = PBXVariantGroup;
			children = (
				182595BF263005D6007BB844 /* Base */,
			);
			name = LaunchScreen.storyboard;
			sourceTree = "<group>";
		};
/* End PBXVariantGroup section */

/* Begin XCBuildConfiguration section */
		182595C2263005D6007BB844 /* Debug */ = {
			isa = XCBuildConfiguration;
			buildSettings = {
				ALWAYS_SEARCH_USER_PATHS = NO;
				CLANG_ANALYZER_NONNULL = YES;
				CLANG_ANALYZER_NUMBER_OBJECT_CONVERSION = YES_AGGRESSIVE;
				CLANG_CXX_LANGUAGE_STANDARD = "gnu++14";
				CLANG_CXX_LIBRARY = "libc++";
				CLANG_ENABLE_MODULES = YES;
				CLANG_ENABLE_OBJC_ARC = YES;
				CLANG_ENABLE_OBJC_WEAK = YES;
				CLANG_WARN_BLOCK_CAPTURE_AUTORELEASING = YES;
				CLANG_WARN_BOOL_CONVERSION = YES;
				CLANG_WARN_COMMA = YES;
				CLANG_WARN_CONSTANT_CONVERSION = YES;
				CLANG_WARN_DEPRECATED_OBJC_IMPLEMENTATIONS = YES;
				CLANG_WARN_DIRECT_OBJC_ISA_USAGE = YES_ERROR;
				CLANG_WARN_DOCUMENTATION_COMMENTS = YES;
				CLANG_WARN_EMPTY_BODY = YES;
				CLANG_WARN_ENUM_CONVERSION = YES;
				CLANG_WARN_INFINITE_RECURSION = YES;
				CLANG_WARN_INT_CONVERSION = YES;
				CLANG_WARN_NON_LITERAL_NULL_CONVERSION = YES;
				CLANG_WARN_OBJC_IMPLICIT_RETAIN_SELF = YES;
				CLANG_WARN_OBJC_LITERAL_CONVERSION = YES;
				CLANG_WARN_OBJC_ROOT_CLASS = YES_ERROR;
				CLANG_WARN_QUOTED_INCLUDE_IN_FRAMEWORK_HEADER = YES;
				CLANG_WARN_RANGE_LOOP_ANALYSIS = YES;
				CLANG_WARN_STRICT_PROTOTYPES = YES;
				CLANG_WARN_SUSPICIOUS_MOVE = YES;
				CLANG_WARN_UNGUARDED_AVAILABILITY = YES_AGGRESSIVE;
				CLANG_WARN_UNREACHABLE_CODE = YES;
				CLANG_WARN__DUPLICATE_METHOD_MATCH = YES;
				COPY_PHASE_STRIP = NO;
				DEBUG_INFORMATION_FORMAT = dwarf;
				ENABLE_STRICT_OBJC_MSGSEND = YES;
				ENABLE_TESTABILITY = YES;
				GCC_C_LANGUAGE_STANDARD = gnu11;
				GCC_DYNAMIC_NO_PIC = NO;
				GCC_NO_COMMON_BLOCKS = YES;
				GCC_OPTIMIZATION_LEVEL = 0;
				GCC_PREPROCESSOR_DEFINITIONS = (
					"DEBUG=1",
					"$(inherited)",
				);
				GCC_WARN_64_TO_32_BIT_CONVERSION = YES;
				GCC_WARN_ABOUT_RETURN_TYPE = YES_ERROR;
				GCC_WARN_UNDECLARED_SELECTOR = YES;
				GCC_WARN_UNINITIALIZED_AUTOS = YES_AGGRESSIVE;
				GCC_WARN_UNUSED_FUNCTION = YES;
				GCC_WARN_UNUSED_VARIABLE = YES;
				IPHONEOS_DEPLOYMENT_TARGET = 14.4;
				MTL_ENABLE_DEBUG_INFO = INCLUDE_SOURCE;
				MTL_FAST_MATH = YES;
				ONLY_ACTIVE_ARCH = YES;
				SDKROOT = iphoneos;
				SWIFT_ACTIVE_COMPILATION_CONDITIONS = DEBUG;
				SWIFT_OPTIMIZATION_LEVEL = "-Onone";
			};
			name = Debug;
		};
		182595C3263005D6007BB844 /* Release */ = {
			isa = XCBuildConfiguration;
			buildSettings = {
				ALWAYS_SEARCH_USER_PATHS = NO;
				CLANG_ANALYZER_NONNULL = YES;
				CLANG_ANALYZER_NUMBER_OBJECT_CONVERSION = YES_AGGRESSIVE;
				CLANG_CXX_LANGUAGE_STANDARD = "gnu++14";
				CLANG_CXX_LIBRARY = "libc++";
				CLANG_ENABLE_MODULES = YES;
				CLANG_ENABLE_OBJC_ARC = YES;
				CLANG_ENABLE_OBJC_WEAK = YES;
				CLANG_WARN_BLOCK_CAPTURE_AUTORELEASING = YES;
				CLANG_WARN_BOOL_CONVERSION = YES;
				CLANG_WARN_COMMA = YES;
				CLANG_WARN_CONSTANT_CONVERSION = YES;
				CLANG_WARN_DEPRECATED_OBJC_IMPLEMENTATIONS = YES;
				CLANG_WARN_DIRECT_OBJC_ISA_USAGE = YES_ERROR;
				CLANG_WARN_DOCUMENTATION_COMMENTS = YES;
				CLANG_WARN_EMPTY_BODY = YES;
				CLANG_WARN_ENUM_CONVERSION = YES;
				CLANG_WARN_INFINITE_RECURSION = YES;
				CLANG_WARN_INT_CONVERSION = YES;
				CLANG_WARN_NON_LITERAL_NULL_CONVERSION = YES;
				CLANG_WARN_OBJC_IMPLICIT_RETAIN_SELF = YES;
				CLANG_WARN_OBJC_LITERAL_CONVERSION = YES;
				CLANG_WARN_OBJC_ROOT_CLASS = YES_ERROR;
				CLANG_WARN_QUOTED_INCLUDE_IN_FRAMEWORK_HEADER = YES;
				CLANG_WARN_RANGE_LOOP_ANALYSIS = YES;
				CLANG_WARN_STRICT_PROTOTYPES = YES;
				CLANG_WARN_SUSPICIOUS_MOVE = YES;
				CLANG_WARN_UNGUARDED_AVAILABILITY = YES_AGGRESSIVE;
				CLANG_WARN_UNREACHABLE_CODE = YES;
				CLANG_WARN__DUPLICATE_METHOD_MATCH = YES;
				COPY_PHASE_STRIP = NO;
				DEBUG_INFORMATION_FORMAT = "dwarf-with-dsym";
				ENABLE_NS_ASSERTIONS = NO;
				ENABLE_STRICT_OBJC_MSGSEND = YES;
				GCC_C_LANGUAGE_STANDARD = gnu11;
				GCC_NO_COMMON_BLOCKS = YES;
				GCC_WARN_64_TO_32_BIT_CONVERSION = YES;
				GCC_WARN_ABOUT_RETURN_TYPE = YES_ERROR;
				GCC_WARN_UNDECLARED_SELECTOR = YES;
				GCC_WARN_UNINITIALIZED_AUTOS = YES_AGGRESSIVE;
				GCC_WARN_UNUSED_FUNCTION = YES;
				GCC_WARN_UNUSED_VARIABLE = YES;
				IPHONEOS_DEPLOYMENT_TARGET = 14.4;
				MTL_ENABLE_DEBUG_INFO = NO;
				MTL_FAST_MATH = YES;
				SDKROOT = iphoneos;
				SWIFT_COMPILATION_MODE = wholemodule;
				SWIFT_OPTIMIZATION_LEVEL = "-O";
				VALIDATE_PRODUCT = YES;
			};
			name = Release;
		};
		182595C5263005D6007BB844 /* Debug */ = {
			isa = XCBuildConfiguration;
			buildSettings = {
				ASSETCATALOG_COMPILER_APPICON_NAME = AppIcon;
				ASSETCATALOG_COMPILER_GLOBAL_ACCENT_COLOR_NAME = AccentColor;
				CODE_SIGN_STYLE = Automatic;
				DEVELOPMENT_TEAM = KFL2ZFQWR4;
				INFOPLIST_FILE = "leroymerlin/Supporting Files/Info.plist";
				LD_RUNPATH_SEARCH_PATHS = (
					"$(inherited)",
					"@executable_path/Frameworks",
				);
				PRODUCT_BUNDLE_IDENTIFIER = ddimpalass.leroymerlin;
				PRODUCT_NAME = "$(TARGET_NAME)";
				SWIFT_VERSION = 5.0;
				TARGETED_DEVICE_FAMILY = 1;
			};
			name = Debug;
		};
		182595C6263005D6007BB844 /* Release */ = {
			isa = XCBuildConfiguration;
			buildSettings = {
				ASSETCATALOG_COMPILER_APPICON_NAME = AppIcon;
				ASSETCATALOG_COMPILER_GLOBAL_ACCENT_COLOR_NAME = AccentColor;
				CODE_SIGN_STYLE = Automatic;
				DEVELOPMENT_TEAM = KFL2ZFQWR4;
				INFOPLIST_FILE = "leroymerlin/Supporting Files/Info.plist";
				LD_RUNPATH_SEARCH_PATHS = (
					"$(inherited)",
					"@executable_path/Frameworks",
				);
				PRODUCT_BUNDLE_IDENTIFIER = ddimpalass.leroymerlin;
				PRODUCT_NAME = "$(TARGET_NAME)";
				SWIFT_VERSION = 5.0;
				TARGETED_DEVICE_FAMILY = 1;
			};
			name = Release;
		};
/* End XCBuildConfiguration section */

/* Begin XCConfigurationList section */
		182595AB263005D2007BB844 /* Build configuration list for PBXProject "leroymerlin" */ = {
			isa = XCConfigurationList;
			buildConfigurations = (
				182595C2263005D6007BB844 /* Debug */,
				182595C3263005D6007BB844 /* Release */,
			);
			defaultConfigurationIsVisible = 0;
			defaultConfigurationName = Release;
		};
		182595C4263005D6007BB844 /* Build configuration list for PBXNativeTarget "leroymerlin" */ = {
			isa = XCConfigurationList;
			buildConfigurations = (
				182595C5263005D6007BB844 /* Debug */,
				182595C6263005D6007BB844 /* Release */,
			);
			defaultConfigurationIsVisible = 0;
			defaultConfigurationName = Release;
		};
/* End XCConfigurationList section */
	};
	rootObject = 182595A8263005D2007BB844 /* Project object */;
}
